
Microsoft Visual Studio Solution File, Format Version 12.00
# Visual Studio Version 17
VisualStudioVersion = 17.8.34525.116
MinimumVisualStudioVersion = 10.0.40219.1
Project("{9A19103F-16F7-4668-BE54-9A1E7A4F7556}") = "CRM.API", "CRM.API\CRM.API.csproj", "{4259929C-B361-4E2A-921E-332F62454EB9}"
EndProject
Project("{9A19103F-16F7-4668-BE54-9A1E7A4F7556}") = "CRM.DTOs", "CRM.DTOs\CRM.DTOs.csproj", "{26B5E1E0-84C2-488A-B406-31C7F3187B4E}"
EndProject
Project("{9A19103F-16F7-4668-BE54-9A1E7A4F7556}") = "CRM.AppWebMVC", "CRM.AppWebMVC\CRM.AppWebMVC.csproj", "{2452E539-9E80-41C0-90C9-B0A0E09A2DF3}"
EndProject
Project("{9A19103F-16F7-4668-BE54-9A1E7A4F7556}") = "CRM.AppWebBlazor", "CRM.AppWebBlazor\CRM.AppWebBlazor.csproj", "{5E9697FE-8720-4DEB-8FFC-55CDBD2410C9}"
EndProject
Global
	GlobalSection(SolutionConfigurationPlatforms) = preSolution
		Debug|Any CPU = Debug|Any CPU
		Release|Any CPU = Release|Any CPU
	EndGlobalSection
	GlobalSection(ProjectConfigurationPlatforms) = postSolution
		{4259929C-B361-4E2A-921E-332F62454EB9}.Debug|Any CPU.ActiveCfg = Debug|Any CPU
		{4259929C-B361-4E2A-921E-332F62454EB9}.Debug|Any CPU.Build.0 = Debug|Any CPU
		{4259929C-B361-4E2A-921E-332F62454EB9}.Release|Any CPU.ActiveCfg = Release|Any CPU
		{4259929C-B361-4E2A-921E-332F62454EB9}.Release|Any CPU.Build.0 = Release|Any CPU
		{26B5E1E0-84C2-488A-B406-31C7F3187B4E}.Debug|Any CPU.ActiveCfg = Debug|Any CPU
		{26B5E1E0-84C2-488A-B406-31C7F3187B4E}.Debug|Any CPU.Build.0 = Debug|Any CPU
		{26B5E1E0-84C2-488A-B406-31C7F3187B4E}.Release|Any CPU.ActiveCfg = Release|Any CPU
		{26B5E1E0-84C2-488A-B406-31C7F3187B4E}.Release|Any CPU.Build.0 = Release|Any CPU
		{2452E539-9E80-41C0-90C9-B0A0E09A2DF3}.Debug|Any CPU.ActiveCfg = Debug|Any CPU
		{2452E539-9E80-41C0-90C9-B0A0E09A2DF3}.Debug|Any CPU.Build.0 = Debug|Any CPU
		{2452E539-9E80-41C0-90C9-B0A0E09A2DF3}.Release|Any CPU.ActiveCfg = Release|Any CPU
		{2452E539-9E80-41C0-90C9-B0A0E09A2DF3}.Release|Any CPU.Build.0 = Release|Any CPU
		{5E9697FE-8720-4DEB-8FFC-55CDBD2410C9}.Debug|Any CPU.ActiveCfg = Debug|Any CPU
		{5E9697FE-8720-4DEB-8FFC-55CDBD2410C9}.Debug|Any CPU.Build.0 = Debug|Any CPU
		{5E9697FE-8720-4DEB-8FFC-55CDBD2410C9}.Release|Any CPU.ActiveCfg = Release|Any CPU
		{5E9697FE-8720-4DEB-8FFC-55CDBD2410C9}.Release|Any CPU.Build.0 = Release|Any CPU
	EndGlobalSection
	GlobalSection(SolutionProperties) = preSolution
		HideSolutionNode = FALSE
	EndGlobalSection
	GlobalSection(ExtensibilityGlobals) = postSolution
		SolutionGuid = {6638B372-9442-49F6-A057-038D485E399E}
	EndGlobalSection
EndGlobal
